{
  "nodes": {
    "nixpkgs": {
      "locked": {
        "lastModified": 1771008912,
        "narHash": "sha256-gf2AmWVTs8lEq7z/3ZAsgnZDhWIckkb+ZnAo5RzSxJg=",
        "owner": "NixOS",
        "repo": "nixpkgs",
        "rev": "a82ccc39b39b621151d6732718e3e250109076fa",
        "type": "github"
      },
      "original": {
        "owner": "NixOS",
        "ref": "nixos-unstable",
        "repo": "nixpkgs",
        "type": "github"
      }
    },
    "nixpkgs_2": {
      "locked": {
        "lastModified": 1771008912,
        "narHash": "sha256-gf2AmWVTs8lEq7z/3ZAsgnZDhWIckkb+ZnAo5RzSxJg=",
        "owner": "NixOS",
        "repo": "nixpkgs",
        "rev": "a82ccc39b39b621151d6732718e3e250109076fa",
        "type": "github"
      },
      "original": {
        "owner": "NixOS",
        "ref": "nixos-unstable",
        "repo": "nixpkgs",
        "type": "github"
      }
    },
    "root": {
      "inputs": {
        "nixpkgs": "nixpkgs",
        "weave": "weave"
      }
    },
    "weave": {
      "inputs": {
        "nixpkgs": "nixpkgs_2"
      },
      "locked": {
        "lastModified": 1771619044,
        "narHash": "sha256-mhAoSR5/briLTDegXIXrg0BGQO5N3NzEC/vLt+iol+0=",
        "ref": "refs/heads/main",
        "rev": "292468aea120112e51407b4099dffe770b020e5c",
        "revCount": 3,
        "type": "git",
        "url": "https://hack.moontide.ink/m64/weave.git"
      },
      "original": {
        "type": "git",
        "url": "https://hack.moontide.ink/m64/weave.git"
      }
    }
  },
  "root": "root",
  "version": 7
}
