{
  "nodes": {
    "nixpkgs": {
      "locked": {
        "lastModified": 1787736819,
        "narHash": "sha256-cV5xEJJK3BvhU8rEd4mC9UsmDi5qscv/kzGPhBRC5WA=",
        "owner": "NixOS",
        "repo": "nixpkgs",
        "rev": "9fbb54b33e91ee4ca368e35a78e0613c720600b3",
        "type": "github"
      },
      "original": {
        "owner": "NixOS",
        "ref": "nixos-unstable",
        "repo": "nixpkgs",
        "type": "github"
      }
    },
    "nixpkgs_2": {
      "locked": {
        "lastModified": 1782959384,
        "narHash": "sha256-xnJJk+ct+D2+wdRxj1wk36w5zV9RVESwRqcklPdt3fM=",
        "owner": "NixOS",
        "repo": "nixpkgs",
        "rev": "65179426c83bb3f6bc14898b42ea1c6f01d374b0",
        "type": "github"
      },
      "original": {
        "owner": "NixOS",
        "ref": "nixos-unstable",
        "repo": "nixpkgs",
        "type": "github"
      }
    },
    "root": {
      "inputs": {
        "nixpkgs": "nixpkgs",
        "weave": "weave"
      }
    },
    "weave": {
      "inputs": {
        "nixpkgs": "nixpkgs_2"
      },
      "locked": {
        "lastModified": 1785181139,
        "narHash": "sha256-pOb55Gbou+vhdVUyCR/xFavMb2TcoCMg3OGCk6QNIrw=",
        "ref": "refs/heads/main",
        "rev": "63e2f3cebdbdeff862a3a5d3349513fa43a4a638",
        "revCount": 1,
        "type": "git",
        "url": "https://hack.moontide.ink/lukas/weave.git"
      },
      "original": {
        "type": "git",
        "url": "https://hack.moontide.ink/lukas/weave.git"
      }
    }
  },
  "root": "root",
  "version": 7
}
